
Microsoft Visual Studio Solution File, Format Version 12.00
# Visual Studio Version 16
VisualStudioVersion = 16.0.28809.33
MinimumVisualStudioVersion = 10.0.40219.1
Project("{9A19103F-16F7-4668-BE54-9A1E7A4F7556}") = "YukoBlazor.Server", "src\YukoBlazor.Server\YukoBlazor.Server.csproj", "{549EAF3F-AF8D-43DE-A56F-B8E50E807A73}"
EndProject
Project("{9A19103F-16F7-4668-BE54-9A1E7A4F7556}") = "YukoBlazor.Client", "src\YukoBlazor.Client\YukoBlazor.Client.csproj", "{2AE54ECE-AE12-4C11-AB07-6B7CDB1767AF}"
EndProject
Project("{9A19103F-16F7-4668-BE54-9A1E7A4F7556}") = "YukoBlazor.Shared", "src\YukoBlazor.Shared\YukoBlazor.Shared.csproj", "{BA7753E9-011D-4821-90C5-46E69C355B78}"
EndProject
Project("{2150E333-8FDC-42A3-9474-1A3956D46DE8}") = "src", "src", "{243830E8-443E-4188-B0C5-53030175E7BD}"
EndProject
Project("{2150E333-8FDC-42A3-9474-1A3956D46DE8}") = "test", "test", "{9F63F6C4-F26D-4DEB-A737-2A3B724F3041}"
EndProject
Project("{9A19103F-16F7-4668-BE54-9A1E7A4F7556}") = "YukoBlazor.Server.Tests", "test\YukoBlazor.Server.Tests\YukoBlazor.Server.Tests.csproj", "{CC05C56F-A330-42C8-BAA7-B9D36B42CCA1}"
EndProject
Project("{9A19103F-16F7-4668-BE54-9A1E7A4F7556}") = "YukoBlazor.ApiInvoker", "src\YukoBlazor.ApiInvoker\YukoBlazor.ApiInvoker.csproj", "{F91779C7-C5E6-403C-A3F3-51A8BFD6CC3C}"
EndProject
Project("{FAE04EC0-301F-11D3-BF4B-00C04F79EFBC}") = "YukoBlazor.Client.Tests", "test\YukoBlazor.Client.Tests\YukoBlazor.Client.Tests.csproj", "{C23A46D3-99C8-4B39-8E1C-161E680733D0}"
EndProject
Global
	GlobalSection(SolutionConfigurationPlatforms) = preSolution
		Debug|Any CPU = Debug|Any CPU
		Release|Any CPU = Release|Any CPU
	EndGlobalSection
	GlobalSection(ProjectConfigurationPlatforms) = postSolution
		{549EAF3F-AF8D-43DE-A56F-B8E50E807A73}.Debug|Any CPU.ActiveCfg = Debug|Any CPU
		{549EAF3F-AF8D-43DE-A56F-B8E50E807A73}.Debug|Any CPU.Build.0 = Debug|Any CPU
		{549EAF3F-AF8D-43DE-A56F-B8E50E807A73}.Release|Any CPU.ActiveCfg = Release|Any CPU
		{549EAF3F-AF8D-43DE-A56F-B8E50E807A73}.Release|Any CPU.Build.0 = Release|Any CPU
		{2AE54ECE-AE12-4C11-AB07-6B7CDB1767AF}.Debug|Any CPU.ActiveCfg = Debug|Any CPU
		{2AE54ECE-AE12-4C11-AB07-6B7CDB1767AF}.Debug|Any CPU.Build.0 = Debug|Any CPU
		{2AE54ECE-AE12-4C11-AB07-6B7CDB1767AF}.Release|Any CPU.ActiveCfg = Release|Any CPU
		{2AE54ECE-AE12-4C11-AB07-6B7CDB1767AF}.Release|Any CPU.Build.0 = Release|Any CPU
		{BA7753E9-011D-4821-90C5-46E69C355B78}.Debug|Any CPU.ActiveCfg = Debug|Any CPU
		{BA7753E9-011D-4821-90C5-46E69C355B78}.Debug|Any CPU.Build.0 = Debug|Any CPU
		{BA7753E9-011D-4821-90C5-46E69C355B78}.Release|Any CPU.ActiveCfg = Release|Any CPU
		{BA7753E9-011D-4821-90C5-46E69C355B78}.Release|Any CPU.Build.0 = Release|Any CPU
		{CC05C56F-A330-42C8-BAA7-B9D36B42CCA1}.Debug|Any CPU.ActiveCfg = Debug|Any CPU
		{CC05C56F-A330-42C8-BAA7-B9D36B42CCA1}.Debug|Any CPU.Build.0 = Debug|Any CPU
		{CC05C56F-A330-42C8-BAA7-B9D36B42CCA1}.Release|Any CPU.ActiveCfg = Release|Any CPU
		{CC05C56F-A330-42C8-BAA7-B9D36B42CCA1}.Release|Any CPU.Build.0 = Release|Any CPU
		{F91779C7-C5E6-403C-A3F3-51A8BFD6CC3C}.Debug|Any CPU.ActiveCfg = Debug|Any CPU
		{F91779C7-C5E6-403C-A3F3-51A8BFD6CC3C}.Debug|Any CPU.Build.0 = Debug|Any CPU
		{F91779C7-C5E6-403C-A3F3-51A8BFD6CC3C}.Release|Any CPU.ActiveCfg = Release|Any CPU
		{F91779C7-C5E6-403C-A3F3-51A8BFD6CC3C}.Release|Any CPU.Build.0 = Release|Any CPU
		{C23A46D3-99C8-4B39-8E1C-161E680733D0}.Debug|Any CPU.ActiveCfg = Debug|Any CPU
		{C23A46D3-99C8-4B39-8E1C-161E680733D0}.Debug|Any CPU.Build.0 = Debug|Any CPU
		{C23A46D3-99C8-4B39-8E1C-161E680733D0}.Release|Any CPU.ActiveCfg = Release|Any CPU
		{C23A46D3-99C8-4B39-8E1C-161E680733D0}.Release|Any CPU.Build.0 = Release|Any CPU
	EndGlobalSection
	GlobalSection(SolutionProperties) = preSolution
		HideSolutionNode = FALSE
	EndGlobalSection
	GlobalSection(NestedProjects) = preSolution
		{549EAF3F-AF8D-43DE-A56F-B8E50E807A73} = {243830E8-443E-4188-B0C5-53030175E7BD}
		{2AE54ECE-AE12-4C11-AB07-6B7CDB1767AF} = {243830E8-443E-4188-B0C5-53030175E7BD}
		{BA7753E9-011D-4821-90C5-46E69C355B78} = {243830E8-443E-4188-B0C5-53030175E7BD}
		{CC05C56F-A330-42C8-BAA7-B9D36B42CCA1} = {9F63F6C4-F26D-4DEB-A737-2A3B724F3041}
		{F91779C7-C5E6-403C-A3F3-51A8BFD6CC3C} = {243830E8-443E-4188-B0C5-53030175E7BD}
		{C23A46D3-99C8-4B39-8E1C-161E680733D0} = {9F63F6C4-F26D-4DEB-A737-2A3B724F3041}
	EndGlobalSection
	GlobalSection(ExtensibilityGlobals) = postSolution
		SolutionGuid = {B6F9CC0E-FDBC-4CD6-BC6B-5424628FAF2B}
	EndGlobalSection
EndGlobal
