
Microsoft Visual Studio Solution File, Format Version 12.00
# Visual Studio Version 16
VisualStudioVersion = 16.0.28809.33
MinimumVisualStudioVersion = 10.0.40219.1
Project("{FAE04EC0-301F-11D3-BF4B-00C04F79EFBC}") = "YukoBlazor.Server", "YukoBlazor.Server\YukoBlazor.Server.csproj", "{549EAF3F-AF8D-43DE-A56F-B8E50E807A73}"
EndProject
Project("{FAE04EC0-301F-11D3-BF4B-00C04F79EFBC}") = "YukoBlazor.Client", "YukoBlazor.Client\YukoBlazor.Client.csproj", "{2AE54ECE-AE12-4C11-AB07-6B7CDB1767AF}"
EndProject
Project("{FAE04EC0-301F-11D3-BF4B-00C04F79EFBC}") = "YukoBlazor.Shared", "YukoBlazor.Shared\YukoBlazor.Shared.csproj", "{BA7753E9-011D-4821-90C5-46E69C355B78}"
EndProject
Global
	GlobalSection(SolutionConfigurationPlatforms) = preSolution
		Debug|Any CPU = Debug|Any CPU
		Release|Any CPU = Release|Any CPU
	EndGlobalSection
	GlobalSection(ProjectConfigurationPlatforms) = postSolution
		{549EAF3F-AF8D-43DE-A56F-B8E50E807A73}.Debug|Any CPU.ActiveCfg = Debug|Any CPU
		{549EAF3F-AF8D-43DE-A56F-B8E50E807A73}.Debug|Any CPU.Build.0 = Debug|Any CPU
		{549EAF3F-AF8D-43DE-A56F-B8E50E807A73}.Release|Any CPU.ActiveCfg = Release|Any CPU
		{549EAF3F-AF8D-43DE-A56F-B8E50E807A73}.Release|Any CPU.Build.0 = Release|Any CPU
		{2AE54ECE-AE12-4C11-AB07-6B7CDB1767AF}.Debug|Any CPU.ActiveCfg = Debug|Any CPU
		{2AE54ECE-AE12-4C11-AB07-6B7CDB1767AF}.Debug|Any CPU.Build.0 = Debug|Any CPU
		{2AE54ECE-AE12-4C11-AB07-6B7CDB1767AF}.Release|Any CPU.ActiveCfg = Release|Any CPU
		{2AE54ECE-AE12-4C11-AB07-6B7CDB1767AF}.Release|Any CPU.Build.0 = Release|Any CPU
		{BA7753E9-011D-4821-90C5-46E69C355B78}.Debug|Any CPU.ActiveCfg = Debug|Any CPU
		{BA7753E9-011D-4821-90C5-46E69C355B78}.Debug|Any CPU.Build.0 = Debug|Any CPU
		{BA7753E9-011D-4821-90C5-46E69C355B78}.Release|Any CPU.ActiveCfg = Release|Any CPU
		{BA7753E9-011D-4821-90C5-46E69C355B78}.Release|Any CPU.Build.0 = Release|Any CPU
	EndGlobalSection
	GlobalSection(SolutionProperties) = preSolution
		HideSolutionNode = FALSE
	EndGlobalSection
	GlobalSection(ExtensibilityGlobals) = postSolution
		SolutionGuid = {B6F9CC0E-FDBC-4CD6-BC6B-5424628FAF2B}
	EndGlobalSection
EndGlobal
